// !$*UTF8*$!
{
	archiveVersion = 1;
	classes = {
	};
	objectVersion = 50;
	objects = {

/* Begin PBXBuildFile section */
		7F2E2973254F035D00492F67 /* AppDelegate.swift in Sources */ = {isa = PBXBuildFile; fileRef = 7F2E2972254F035D00492F67 /* AppDelegate.swift */; };
		7F2E2975254F035D00492F67 /* SceneDelegate.swift in Sources */ = {isa = PBXBuildFile; fileRef = 7F2E2974254F035D00492F67 /* SceneDelegate.swift */; };
		7F2E2977254F035D00492F67 /* CategoryListViewController.swift in Sources */ = {isa = PBXBuildFile; fileRef = 7F2E2976254F035D00492F67 /* CategoryListViewController.swift */; };
		7F2E297A254F035D00492F67 /* Main.storyboard in Resources */ = {isa = PBXBuildFile; fileRef = 7F2E2978254F035D00492F67 /* Main.storyboard */; };
		7F2E297C254F036200492F67 /* Assets.xcassets in Resources */ = {isa = PBXBuildFile; fileRef = 7F2E297B254F036200492F67 /* Assets.xcassets */; };
		7F2E297F254F036200492F67 /* LaunchScreen.storyboard in Resources */ = {isa = PBXBuildFile; fileRef = 7F2E297D254F036200492F67 /* LaunchScreen.storyboard */; };
		7F2E298A255022A800492F67 /* CategoryViewController.swift in Sources */ = {isa = PBXBuildFile; fileRef = 7F2E2989255022A800492F67 /* CategoryViewController.swift */; };
		7F2E298D2550391300492F67 /* TodoListViewController.swift in Sources */ = {isa = PBXBuildFile; fileRef = 7F2E298C2550391200492F67 /* TodoListViewController.swift */; };
		7F2E29902550569400492F67 /* CategoryStore.swift in Sources */ = {isa = PBXBuildFile; fileRef = 7F2E298F2550569300492F67 /* CategoryStore.swift */; };
		7F2E2993255056D900492F67 /* Todo.swift in Sources */ = {isa = PBXBuildFile; fileRef = 7F2E2992255056D900492F67 /* Todo.swift */; };
		7F2E29962550577500492F67 /* Category.swift in Sources */ = {isa = PBXBuildFile; fileRef = 7F2E29952550577500492F67 /* Category.swift */; };
		7F2E29992550636300492F67 /* AddDirectoryViewController.swift in Sources */ = {isa = PBXBuildFile; fileRef = 7F2E29982550636300492F67 /* AddDirectoryViewController.swift */; };
		7F2E29A1255068FB00492F67 /* CategoryStoreDelegate.swift in Sources */ = {isa = PBXBuildFile; fileRef = 7F2E29A0255068FB00492F67 /* CategoryStoreDelegate.swift */; };
		7F2E29A425506E5600492F67 /* DirectoryCell.swift in Sources */ = {isa = PBXBuildFile; fileRef = 7F2E29A325506E5600492F67 /* DirectoryCell.swift */; };
		7F2E29A7255097C500492F67 /* TodoCell.swift in Sources */ = {isa = PBXBuildFile; fileRef = 7F2E29A6255097C400492F67 /* TodoCell.swift */; };
		7FD84CBF2550A7A900B4EDFA /* TodoViewController.swift in Sources */ = {isa = PBXBuildFile; fileRef = 7FD84CBE2550A7A900B4EDFA /* TodoViewController.swift */; };
		7FD84CC22550ABDB00B4EDFA /* CategoryDelegate.swift in Sources */ = {isa = PBXBuildFile; fileRef = 7FD84CC12550ABDB00B4EDFA /* CategoryDelegate.swift */; };
		7FD84CC52550AD2200B4EDFA /* AddTodoViewController.swift in Sources */ = {isa = PBXBuildFile; fileRef = 7FD84CC42550AD2200B4EDFA /* AddTodoViewController.swift */; };
		7FD84CC82552B41900B4EDFA /* DirectoryCollectionHeader.swift in Sources */ = {isa = PBXBuildFile; fileRef = 7FD84CC72552B41700B4EDFA /* DirectoryCollectionHeader.swift */; };
/* End PBXBuildFile section */

/* Begin PBXFileReference section */
		7F2E296F254F035D00492F67 /* TodoList.app */ = {isa = PBXFileReference; explicitFileType = wrapper.application; includeInIndex = 0; path = TodoList.app; sourceTree = BUILT_PRODUCTS_DIR; };
		7F2E2972254F035D00492F67 /* AppDelegate.swift */ = {isa = PBXFileReference; lastKnownFileType = sourcecode.swift; path = AppDelegate.swift; sourceTree = "<group>"; };
		7F2E2974254F035D00492F67 /* SceneDelegate.swift */ = {isa = PBXFileReference; lastKnownFileType = sourcecode.swift; path = SceneDelegate.swift; sourceTree = "<group>"; };
		7F2E2976254F035D00492F67 /* CategoryListViewController.swift */ = {isa = PBXFileReference; lastKnownFileType = sourcecode.swift; path = CategoryListViewController.swift; sourceTree = "<group>"; };
		7F2E2979254F035D00492F67 /* Base */ = {isa = PBXFileReference; lastKnownFileType = file.storyboard; name = Base; path = Base.lproj/Main.storyboard; sourceTree = "<group>"; };
		7F2E297B254F036200492F67 /* Assets.xcassets */ = {isa = PBXFileReference; lastKnownFileType = folder.assetcatalog; path = Assets.xcassets; sourceTree = "<group>"; };
		7F2E297E254F036200492F67 /* Base */ = {isa = PBXFileReference; lastKnownFileType = file.storyboard; name = Base; path = Base.lproj/LaunchScreen.storyboard; sourceTree = "<group>"; };
		7F2E2980254F036200492F67 /* Info.plist */ = {isa = PBXFileReference; lastKnownFileType = text.plist.xml; path = Info.plist; sourceTree = "<group>"; };
		7F2E2989255022A800492F67 /* CategoryViewController.swift */ = {isa = PBXFileReference; lastKnownFileType = sourcecode.swift; path = CategoryViewController.swift; sourceTree = "<group>"; };
		7F2E298C2550391200492F67 /* TodoListViewController.swift */ = {isa = PBXFileReference; lastKnownFileType = sourcecode.swift; path = TodoListViewController.swift; sourceTree = "<group>"; };
		7F2E298F2550569300492F67 /* CategoryStore.swift */ = {isa = PBXFileReference; lastKnownFileType = sourcecode.swift; path = CategoryStore.swift; sourceTree = "<group>"; };
		7F2E2992255056D900492F67 /* Todo.swift */ = {isa = PBXFileReference; lastKnownFileType = sourcecode.swift; path = Todo.swift; sourceTree = "<group>"; };
		7F2E29952550577500492F67 /* Category.swift */ = {isa = PBXFileReference; lastKnownFileType = sourcecode.swift; path = Category.swift; sourceTree = "<group>"; };
		7F2E29982550636300492F67 /* AddDirectoryViewController.swift */ = {isa = PBXFileReference; lastKnownFileType = sourcecode.swift; path = AddDirectoryViewController.swift; sourceTree = "<group>"; };
		7F2E29A0255068FB00492F67 /* CategoryStoreDelegate.swift */ = {isa = PBXFileReference; lastKnownFileType = sourcecode.swift; path = CategoryStoreDelegate.swift; sourceTree = "<group>"; };
		7F2E29A325506E5600492F67 /* DirectoryCell.swift */ = {isa = PBXFileReference; lastKnownFileType = sourcecode.swift; path = DirectoryCell.swift; sourceTree = "<group>"; };
		7F2E29A6255097C400492F67 /* TodoCell.swift */ = {isa = PBXFileReference; lastKnownFileType = sourcecode.swift; path = TodoCell.swift; sourceTree = "<group>"; };
		7FD84CBE2550A7A900B4EDFA /* TodoViewController.swift */ = {isa = PBXFileReference; lastKnownFileType = sourcecode.swift; path = TodoViewController.swift; sourceTree = "<group>"; };
		7FD84CC12550ABDB00B4EDFA /* CategoryDelegate.swift */ = {isa = PBXFileReference; lastKnownFileType = sourcecode.swift; path = CategoryDelegate.swift; sourceTree = "<group>"; };
		7FD84CC42550AD2200B4EDFA /* AddTodoViewController.swift */ = {isa = PBXFileReference; lastKnownFileType = sourcecode.swift; path = AddTodoViewController.swift; sourceTree = "<group>"; };
		7FD84CC72552B41700B4EDFA /* DirectoryCollectionHeader.swift */ = {isa = PBXFileReference; lastKnownFileType = sourcecode.swift; path = DirectoryCollectionHeader.swift; sourceTree = "<group>"; };
/* End PBXFileReference section */

/* Begin PBXFrameworksBuildPhase section */
		7F2E296C254F035D00492F67 /* Frameworks */ = {
			isa = PBXFrameworksBuildPhase;
			buildActionMask = 2147483647;
			files = (
			);
			runOnlyForDeploymentPostprocessing = 0;
		};
/* End PBXFrameworksBuildPhase section */

/* Begin PBXGroup section */
		7F2E2966254F035D00492F67 = {
			isa = PBXGroup;
			children = (
				7F2E2971254F035D00492F67 /* TodoList */,
				7F2E2970254F035D00492F67 /* Products */,
			);
			sourceTree = "<group>";
		};
		7F2E2970254F035D00492F67 /* Products */ = {
			isa = PBXGroup;
			children = (
				7F2E296F254F035D00492F67 /* TodoList.app */,
			);
			name = Products;
			sourceTree = "<group>";
		};
		7F2E2971254F035D00492F67 /* TodoList */ = {
			isa = PBXGroup;
			children = (
				7FD84CD42554257C00B4EDFA /* Model */,
				7FD84CD1255424F200B4EDFA /* ViewController */,
				7FD84CD0255424D800B4EDFA /* Delegate */,
				7F2E2972254F035D00492F67 /* AppDelegate.swift */,
				7F2E2974254F035D00492F67 /* SceneDelegate.swift */,
				7F2E2978254F035D00492F67 /* Main.storyboard */,
				7F2E297B254F036200492F67 /* Assets.xcassets */,
				7F2E297D254F036200492F67 /* LaunchScreen.storyboard */,
				7F2E2980254F036200492F67 /* Info.plist */,
			);
			path = TodoList;
			sourceTree = "<group>";
		};
		7FD84CD0255424D800B4EDFA /* Delegate */ = {
			isa = PBXGroup;
			children = (
				7F2E29A0255068FB00492F67 /* CategoryStoreDelegate.swift */,
				7FD84CC12550ABDB00B4EDFA /* CategoryDelegate.swift */,
			);
			path = Delegate;
			sourceTree = "<group>";
		};
		7FD84CD1255424F200B4EDFA /* ViewController */ = {
			isa = PBXGroup;
			children = (
				7FD84CC72552B41700B4EDFA /* DirectoryCollectionHeader.swift */,
				7FD84CC42550AD2200B4EDFA /* AddTodoViewController.swift */,
				7FD84CBE2550A7A900B4EDFA /* TodoViewController.swift */,
				7F2E29A6255097C400492F67 /* TodoCell.swift */,
				7F2E29A325506E5600492F67 /* DirectoryCell.swift */,
				7F2E29982550636300492F67 /* AddDirectoryViewController.swift */,
				7F2E298C2550391200492F67 /* TodoListViewController.swift */,
				7F2E2989255022A800492F67 /* CategoryViewController.swift */,
				7F2E2976254F035D00492F67 /* CategoryListViewController.swift */,
			);
			path = ViewController;
			sourceTree = "<group>";
		};
		7FD84CD42554257C00B4EDFA /* Model */ = {
			isa = PBXGroup;
			children = (
				7F2E298F2550569300492F67 /* CategoryStore.swift */,
				7F2E2992255056D900492F67 /* Todo.swift */,
				7F2E29952550577500492F67 /* Category.swift */,
			);
			path = Model;
			sourceTree = "<group>";
		};
/* End PBXGroup section */

/* Begin PBXNativeTarget section */
		7F2E296E254F035D00492F67 /* TodoList */ = {
			isa = PBXNativeTarget;
			buildConfigurationList = 7F2E2983254F036200492F67 /* Build configuration list for PBXNativeTarget "TodoList" */;
			buildPhases = (
				7F2E296B254F035D00492F67 /* Sources */,
				7F2E296C254F035D00492F67 /* Frameworks */,
				7F2E296D254F035D00492F67 /* Resources */,
			);
			buildRules = (
			);
			dependencies = (
			);
			name = TodoList;
			productName = TodoList;
			productReference = 7F2E296F254F035D00492F67 /* TodoList.app */;
			productType = "com.apple.product-type.application";
		};
/* End PBXNativeTarget section */

/* Begin PBXProject section */
		7F2E2967254F035D00492F67 /* Project object */ = {
			isa = PBXProject;
			attributes = {
				LastSwiftUpdateCheck = 1200;
				LastUpgradeCheck = 1200;
				TargetAttributes = {
					7F2E296E254F035D00492F67 = {
						CreatedOnToolsVersion = 12.0.1;
					};
				};
			};
			buildConfigurationList = 7F2E296A254F035D00492F67 /* Build configuration list for PBXProject "TodoList" */;
			compatibilityVersion = "Xcode 9.3";
			developmentRegion = en;
			hasScannedForEncodings = 0;
			knownRegions = (
				en,
				Base,
			);
			mainGroup = 7F2E2966254F035D00492F67;
			productRefGroup = 7F2E2970254F035D00492F67 /* Products */;
			projectDirPath = "";
			projectRoot = "";
			targets = (
				7F2E296E254F035D00492F67 /* TodoList */,
			);
		};
/* End PBXProject section */

/* Begin PBXResourcesBuildPhase section */
		7F2E296D254F035D00492F67 /* Resources */ = {
			isa = PBXResourcesBuildPhase;
			buildActionMask = 2147483647;
			files = (
				7F2E297F254F036200492F67 /* LaunchScreen.storyboard in Resources */,
				7F2E297C254F036200492F67 /* Assets.xcassets in Resources */,
				7F2E297A254F035D00492F67 /* Main.storyboard in Resources */,
			);
			runOnlyForDeploymentPostprocessing = 0;
		};
/* End PBXResourcesBuildPhase section */

/* Begin PBXSourcesBuildPhase section */
		7F2E296B254F035D00492F67 /* Sources */ = {
			isa = PBXSourcesBuildPhase;
			buildActionMask = 2147483647;
			files = (
				7F2E2993255056D900492F67 /* Todo.swift in Sources */,
				7FD84CC52550AD2200B4EDFA /* AddTodoViewController.swift in Sources */,
				7F2E298A255022A800492F67 /* CategoryViewController.swift in Sources */,
				7F2E2977254F035D00492F67 /* CategoryListViewController.swift in Sources */,
				7FD84CC82552B41900B4EDFA /* DirectoryCollectionHeader.swift in Sources */,
				7F2E29962550577500492F67 /* Category.swift in Sources */,
				7F2E29A425506E5600492F67 /* DirectoryCell.swift in Sources */,
				7F2E2973254F035D00492F67 /* AppDelegate.swift in Sources */,
				7FD84CBF2550A7A900B4EDFA /* TodoViewController.swift in Sources */,
				7F2E29A1255068FB00492F67 /* CategoryStoreDelegate.swift in Sources */,
				7F2E29A7255097C500492F67 /* TodoCell.swift in Sources */,
				7F2E2975254F035D00492F67 /* SceneDelegate.swift in Sources */,
				7F2E29992550636300492F67 /* AddDirectoryViewController.swift in Sources */,
				7F2E298D2550391300492F67 /* TodoListViewController.swift in Sources */,
				7F2E29902550569400492F67 /* CategoryStore.swift in Sources */,
				7FD84CC22550ABDB00B4EDFA /* CategoryDelegate.swift in Sources */,
			);
			runOnlyForDeploymentPostprocessing = 0;
		};
/* End PBXSourcesBuildPhase section */

/* Begin PBXVariantGroup section */
		7F2E2978254F035D00492F67 /* Main.storyboard */ = {
			isa = PBXVariantGroup;
			children = (
				7F2E2979254F035D00492F67 /* Base */,
			);
			name = Main.storyboard;
			sourceTree = "<group>";
		};
		7F2E297D254F036200492F67 /* LaunchScreen.storyboard */ = {
			isa = PBXVariantGroup;
			children = (
				7F2E297E254F036200492F67 /* Base */,
			);
			name = LaunchScreen.storyboard;
			sourceTree = "<group>";
		};
/* End PBXVariantGroup section */

/* Begin XCBuildConfiguration section */
		7F2E2981254F036200492F67 /* Debug */ = {
			isa = XCBuildConfiguration;
			buildSettings = {
				ALWAYS_SEARCH_USER_PATHS = NO;
				CLANG_ANALYZER_NONNULL = YES;
				CLANG_ANALYZER_NUMBER_OBJECT_CONVERSION = YES_AGGRESSIVE;
				CLANG_CXX_LANGUAGE_STANDARD = "gnu++14";
				CLANG_CXX_LIBRARY = "libc++";
				CLANG_ENABLE_MODULES = YES;
				CLANG_ENABLE_OBJC_ARC = YES;
				CLANG_ENABLE_OBJC_WEAK = YES;
				CLANG_WARN_BLOCK_CAPTURE_AUTORELEASING = YES;
				CLANG_WARN_BOOL_CONVERSION = YES;
				CLANG_WARN_COMMA = YES;
				CLANG_WARN_CONSTANT_CONVERSION = YES;
				CLANG_WARN_DEPRECATED_OBJC_IMPLEMENTATIONS = YES;
				CLANG_WARN_DIRECT_OBJC_ISA_USAGE = YES_ERROR;
				CLANG_WARN_DOCUMENTATION_COMMENTS = YES;
				CLANG_WARN_EMPTY_BODY = YES;
				CLANG_WARN_ENUM_CONVERSION = YES;
				CLANG_WARN_INFINITE_RECURSION = YES;
				CLANG_WARN_INT_CONVERSION = YES;
				CLANG_WARN_NON_LITERAL_NULL_CONVERSION = YES;
				CLANG_WARN_OBJC_IMPLICIT_RETAIN_SELF = YES;
				CLANG_WARN_OBJC_LITERAL_CONVERSION = YES;
				CLANG_WARN_OBJC_ROOT_CLASS = YES_ERROR;
				CLANG_WARN_QUOTED_INCLUDE_IN_FRAMEWORK_HEADER = YES;
				CLANG_WARN_RANGE_LOOP_ANALYSIS = YES;
				CLANG_WARN_STRICT_PROTOTYPES = YES;
				CLANG_WARN_SUSPICIOUS_MOVE = YES;
				CLANG_WARN_UNGUARDED_AVAILABILITY = YES_AGGRESSIVE;
				CLANG_WARN_UNREACHABLE_CODE = YES;
				CLANG_WARN__DUPLICATE_METHOD_MATCH = YES;
				COPY_PHASE_STRIP = NO;
				DEBUG_INFORMATION_FORMAT = dwarf;
				ENABLE_STRICT_OBJC_MSGSEND = YES;
				ENABLE_TESTABILITY = YES;
				GCC_C_LANGUAGE_STANDARD = gnu11;
				GCC_DYNAMIC_NO_PIC = NO;
				GCC_NO_COMMON_BLOCKS = YES;
				GCC_OPTIMIZATION_LEVEL = 0;
				GCC_PREPROCESSOR_DEFINITIONS = (
					"DEBUG=1",
					"$(inherited)",
				);
				GCC_WARN_64_TO_32_BIT_CONVERSION = YES;
				GCC_WARN_ABOUT_RETURN_TYPE = YES_ERROR;
				GCC_WARN_UNDECLARED_SELECTOR = YES;
				GCC_WARN_UNINITIALIZED_AUTOS = YES_AGGRESSIVE;
				GCC_WARN_UNUSED_FUNCTION = YES;
				GCC_WARN_UNUSED_VARIABLE = YES;
				IPHONEOS_DEPLOYMENT_TARGET = 14.0;
				MTL_ENABLE_DEBUG_INFO = INCLUDE_SOURCE;
				MTL_FAST_MATH = YES;
				ONLY_ACTIVE_ARCH = YES;
				SDKROOT = iphoneos;
				SWIFT_ACTIVE_COMPILATION_CONDITIONS = DEBUG;
				SWIFT_OPTIMIZATION_LEVEL = "-Onone";
			};
			name = Debug;
		};
		7F2E2982254F036200492F67 /* Release */ = {
			isa = XCBuildConfiguration;
			buildSettings = {
				ALWAYS_SEARCH_USER_PATHS = NO;
				CLANG_ANALYZER_NONNULL = YES;
				CLANG_ANALYZER_NUMBER_OBJECT_CONVERSION = YES_AGGRESSIVE;
				CLANG_CXX_LANGUAGE_STANDARD = "gnu++14";
				CLANG_CXX_LIBRARY = "libc++";
				CLANG_ENABLE_MODULES = YES;
				CLANG_ENABLE_OBJC_ARC = YES;
				CLANG_ENABLE_OBJC_WEAK = YES;
				CLANG_WARN_BLOCK_CAPTURE_AUTORELEASING = YES;
				CLANG_WARN_BOOL_CONVERSION = YES;
				CLANG_WARN_COMMA = YES;
				CLANG_WARN_CONSTANT_CONVERSION = YES;
				CLANG_WARN_DEPRECATED_OBJC_IMPLEMENTATIONS = YES;
				CLANG_WARN_DIRECT_OBJC_ISA_USAGE = YES_ERROR;
				CLANG_WARN_DOCUMENTATION_COMMENTS = YES;
				CLANG_WARN_EMPTY_BODY = YES;
				CLANG_WARN_ENUM_CONVERSION = YES;
				CLANG_WARN_INFINITE_RECURSION = YES;
				CLANG_WARN_INT_CONVERSION = YES;
				CLANG_WARN_NON_LITERAL_NULL_CONVERSION = YES;
				CLANG_WARN_OBJC_IMPLICIT_RETAIN_SELF = YES;
				CLANG_WARN_OBJC_LITERAL_CONVERSION = YES;
				CLANG_WARN_OBJC_ROOT_CLASS = YES_ERROR;
				CLANG_WARN_QUOTED_INCLUDE_IN_FRAMEWORK_HEADER = YES;
				CLANG_WARN_RANGE_LOOP_ANALYSIS = YES;
				CLANG_WARN_STRICT_PROTOTYPES = YES;
				CLANG_WARN_SUSPICIOUS_MOVE = YES;
				CLANG_WARN_UNGUARDED_AVAILABILITY = YES_AGGRESSIVE;
				CLANG_WARN_UNREACHABLE_CODE = YES;
				CLANG_WARN__DUPLICATE_METHOD_MATCH = YES;
				COPY_PHASE_STRIP = NO;
				DEBUG_INFORMATION_FORMAT = "dwarf-with-dsym";
				ENABLE_NS_ASSERTIONS = NO;
				ENABLE_STRICT_OBJC_MSGSEND = YES;
				GCC_C_LANGUAGE_STANDARD = gnu11;
				GCC_NO_COMMON_BLOCKS = YES;
				GCC_WARN_64_TO_32_BIT_CONVERSION = YES;
				GCC_WARN_ABOUT_RETURN_TYPE = YES_ERROR;
				GCC_WARN_UNDECLARED_SELECTOR = YES;
				GCC_WARN_UNINITIALIZED_AUTOS = YES_AGGRESSIVE;
				GCC_WARN_UNUSED_FUNCTION = YES;
				GCC_WARN_UNUSED_VARIABLE = YES;
				IPHONEOS_DEPLOYMENT_TARGET = 14.0;
				MTL_ENABLE_DEBUG_INFO = NO;
				MTL_FAST_MATH = YES;
				SDKROOT = iphoneos;
				SWIFT_COMPILATION_MODE = wholemodule;
				SWIFT_OPTIMIZATION_LEVEL = "-O";
				VALIDATE_PRODUCT = YES;
			};
			name = Release;
		};
		7F2E2984254F036200492F67 /* Debug */ = {
			isa = XCBuildConfiguration;
			buildSettings = {
				ASSETCATALOG_COMPILER_APPICON_NAME = AppIcon;
				ASSETCATALOG_COMPILER_GLOBAL_ACCENT_COLOR_NAME = AccentColor;
				CODE_SIGN_STYLE = Automatic;
				DEVELOPMENT_TEAM = XGKJ97A7LL;
				INFOPLIST_FILE = TodoList/Info.plist;
				LD_RUNPATH_SEARCH_PATHS = (
					"$(inherited)",
					"@executable_path/Frameworks",
				);
				PRODUCT_BUNDLE_IDENTIFIER = com.Tuwaiq.TodoList;
				PRODUCT_NAME = "$(TARGET_NAME)";
				SWIFT_VERSION = 5.0;
				TARGETED_DEVICE_FAMILY = "1,2";
			};
			name = Debug;
		};
		7F2E2985254F036200492F67 /* Release */ = {
			isa = XCBuildConfiguration;
			buildSettings = {
				ASSETCATALOG_COMPILER_APPICON_NAME = AppIcon;
				ASSETCATALOG_COMPILER_GLOBAL_ACCENT_COLOR_NAME = AccentColor;
				CODE_SIGN_STYLE = Automatic;
				DEVELOPMENT_TEAM = XGKJ97A7LL;
				INFOPLIST_FILE = TodoList/Info.plist;
				LD_RUNPATH_SEARCH_PATHS = (
					"$(inherited)",
					"@executable_path/Frameworks",
				);
				PRODUCT_BUNDLE_IDENTIFIER = com.Tuwaiq.TodoList;
				PRODUCT_NAME = "$(TARGET_NAME)";
				SWIFT_VERSION = 5.0;
				TARGETED_DEVICE_FAMILY = "1,2";
			};
			name = Release;
		};
/* End XCBuildConfiguration section */

/* Begin XCConfigurationList section */
		7F2E296A254F035D00492F67 /* Build configuration list for PBXProject "TodoList" */ = {
			isa = XCConfigurationList;
			buildConfigurations = (
				7F2E2981254F036200492F67 /* Debug */,
				7F2E2982254F036200492F67 /* Release */,
			);
			defaultConfigurationIsVisible = 0;
			defaultConfigurationName = Release;
		};
		7F2E2983254F036200492F67 /* Build configuration list for PBXNativeTarget "TodoList" */ = {
			isa = XCConfigurationList;
			buildConfigurations = (
				7F2E2984254F036200492F67 /* Debug */,
				7F2E2985254F036200492F67 /* Release */,
			);
			defaultConfigurationIsVisible = 0;
			defaultConfigurationName = Release;
		};
/* End XCConfigurationList section */
	};
	rootObject = 7F2E2967254F035D00492F67 /* Project object */;
}
